
Microsoft Visual Studio Solution File, Format Version 12.00
# Visual Studio Version 17
VisualStudioVersion = 17.14.36616.10
MinimumVisualStudioVersion = 10.0.40219.1
Project("{FAE04EC0-301F-11D3-BF4B-00C04F79EFBC}") = "EMiniEmployeeTasks", "EMiniEmployeeTasks\EMiniEmployeeTasks.csproj", "{83ED60C6-62AA-4DA5-924A-5E8528CEBEC0}"
EndProject
Project("{FAE04EC0-301F-11D3-BF4B-00C04F79EFBC}") = "Contracts.Interfaces", "Contracts.Interfaces\Contracts.Interfaces.csproj", "{C4702113-890D-42F3-B696-49CB6E38427E}"
EndProject
Project("{FAE04EC0-301F-11D3-BF4B-00C04F79EFBC}") = "LoggerService", "LoggerService\LoggerService.csproj", "{3D7D73E4-E8BD-43C9-BD5D-E05353AC1523}"
EndProject
Project("{FAE04EC0-301F-11D3-BF4B-00C04F79EFBC}") = "EMiniEmployeeTasks.Entities.Domain", "EMiniEmployeeTasks.Entities.Domain\EMiniEmployeeTasks.Entities.Domain.csproj", "{B2BFE03D-1A58-47F8-8BD4-1880D74071E7}"
EndProject
Project("{FAE04EC0-301F-11D3-BF4B-00C04F79EFBC}") = "EMiniEmployeeTasks.Repository", "EMiniEmployeeTasks.Repository\EMiniEmployeeTasks.Repository.csproj", "{E496E65D-C753-4808-9E91-D8F3DF1FB84A}"
EndProject
Project("{FAE04EC0-301F-11D3-BF4B-00C04F79EFBC}") = "EMiniEmployeeTasks.Service.Contracts", "EMiniEmployeeTasks.Service.Contracts\EMiniEmployeeTasks.Service.Contracts.csproj", "{3DD2D959-D364-4326-8AB1-279910568771}"
EndProject
Project("{FAE04EC0-301F-11D3-BF4B-00C04F79EFBC}") = "EMiniEmployeeTasks.Service", "EMiniEmployeeTasks.Service\EMiniEmployeeTasks.Service.csproj", "{506844A8-E119-4F7C-8A00-64F8E79F0E50}"
EndProject
Global
	GlobalSection(SolutionConfigurationPlatforms) = preSolution
		Debug|Any CPU = Debug|Any CPU
		Release|Any CPU = Release|Any CPU
	EndGlobalSection
	GlobalSection(ProjectConfigurationPlatforms) = postSolution
		{83ED60C6-62AA-4DA5-924A-5E8528CEBEC0}.Debug|Any CPU.ActiveCfg = Debug|Any CPU
		{83ED60C6-62AA-4DA5-924A-5E8528CEBEC0}.Debug|Any CPU.Build.0 = Debug|Any CPU
		{83ED60C6-62AA-4DA5-924A-5E8528CEBEC0}.Release|Any CPU.ActiveCfg = Release|Any CPU
		{83ED60C6-62AA-4DA5-924A-5E8528CEBEC0}.Release|Any CPU.Build.0 = Release|Any CPU
		{C4702113-890D-42F3-B696-49CB6E38427E}.Debug|Any CPU.ActiveCfg = Debug|Any CPU
		{C4702113-890D-42F3-B696-49CB6E38427E}.Debug|Any CPU.Build.0 = Debug|Any CPU
		{C4702113-890D-42F3-B696-49CB6E38427E}.Release|Any CPU.ActiveCfg = Release|Any CPU
		{C4702113-890D-42F3-B696-49CB6E38427E}.Release|Any CPU.Build.0 = Release|Any CPU
		{3D7D73E4-E8BD-43C9-BD5D-E05353AC1523}.Debug|Any CPU.ActiveCfg = Debug|Any CPU
		{3D7D73E4-E8BD-43C9-BD5D-E05353AC1523}.Debug|Any CPU.Build.0 = Debug|Any CPU
		{3D7D73E4-E8BD-43C9-BD5D-E05353AC1523}.Release|Any CPU.ActiveCfg = Release|Any CPU
		{3D7D73E4-E8BD-43C9-BD5D-E05353AC1523}.Release|Any CPU.Build.0 = Release|Any CPU
		{B2BFE03D-1A58-47F8-8BD4-1880D74071E7}.Debug|Any CPU.ActiveCfg = Debug|Any CPU
		{B2BFE03D-1A58-47F8-8BD4-1880D74071E7}.Debug|Any CPU.Build.0 = Debug|Any CPU
		{B2BFE03D-1A58-47F8-8BD4-1880D74071E7}.Release|Any CPU.ActiveCfg = Release|Any CPU
		{B2BFE03D-1A58-47F8-8BD4-1880D74071E7}.Release|Any CPU.Build.0 = Release|Any CPU
		{E496E65D-C753-4808-9E91-D8F3DF1FB84A}.Debug|Any CPU.ActiveCfg = Debug|Any CPU
		{E496E65D-C753-4808-9E91-D8F3DF1FB84A}.Debug|Any CPU.Build.0 = Debug|Any CPU
		{E496E65D-C753-4808-9E91-D8F3DF1FB84A}.Release|Any CPU.ActiveCfg = Release|Any CPU
		{E496E65D-C753-4808-9E91-D8F3DF1FB84A}.Release|Any CPU.Build.0 = Release|Any CPU
		{3DD2D959-D364-4326-8AB1-279910568771}.Debug|Any CPU.ActiveCfg = Debug|Any CPU
		{3DD2D959-D364-4326-8AB1-279910568771}.Debug|Any CPU.Build.0 = Debug|Any CPU
		{3DD2D959-D364-4326-8AB1-279910568771}.Release|Any CPU.ActiveCfg = Release|Any CPU
		{3DD2D959-D364-4326-8AB1-279910568771}.Release|Any CPU.Build.0 = Release|Any CPU
		{506844A8-E119-4F7C-8A00-64F8E79F0E50}.Debug|Any CPU.ActiveCfg = Debug|Any CPU
		{506844A8-E119-4F7C-8A00-64F8E79F0E50}.Debug|Any CPU.Build.0 = Debug|Any CPU
		{506844A8-E119-4F7C-8A00-64F8E79F0E50}.Release|Any CPU.ActiveCfg = Release|Any CPU
		{506844A8-E119-4F7C-8A00-64F8E79F0E50}.Release|Any CPU.Build.0 = Release|Any CPU
	EndGlobalSection
	GlobalSection(SolutionProperties) = preSolution
		HideSolutionNode = FALSE
	EndGlobalSection
	GlobalSection(ExtensibilityGlobals) = postSolution
		SolutionGuid = {8D30ED5F-F0B2-42B8-943E-F6DA6991B6E5}
	EndGlobalSection
EndGlobal
